// !$*UTF8*$!
{
	archiveVersion = 1;
	classes = {
	};
	objectVersion = 46;
	objects = {

/* Begin PBXBuildFile section */
		A6D946EE15DA53B6002B42E0 /* Foundation.framework in Frameworks */ = {isa = PBXBuildFile; fileRef = CEDFB98614D968FE00D3CC9D /* Foundation.framework */; };
		A6D946F315DA53B7002B42E0 /* MusicalLibStaticLib.h in CopyFiles */ = {isa = PBXBuildFile; fileRef = A6D946F215DA53B6002B42E0 /* MusicalLibStaticLib.h */; };
		A6D946F515DA53B7002B42E0 /* MusicalLibStaticLib.m in Sources */ = {isa = PBXBuildFile; fileRef = A6D946F415DA53B7002B42E0 /* MusicalLibStaticLib.m */; };
		A6D946FA15DA53CF002B42E0 /* MLObjC.m in Sources */ = {isa = PBXBuildFile; fileRef = CEDFBA0114D9764500D3CC9D /* MLObjC.m */; };
		A6D946FB15DA53CF002B42E0 /* MusicalNote.m in Sources */ = {isa = PBXBuildFile; fileRef = CEDFB9CB14D96B4D00D3CC9D /* MusicalNote.m */; };
		A6D946FC15DA53CF002B42E0 /* MusicalNoteSet.m in Sources */ = {isa = PBXBuildFile; fileRef = CEDFB9CD14D96B4D00D3CC9D /* MusicalNoteSet.m */; };
		A6D946FD15DA53CF002B42E0 /* MusicalScaleAbstract.m in Sources */ = {isa = PBXBuildFile; fileRef = CEDFB9D214D96B4D00D3CC9D /* MusicalScaleAbstract.m */; };
		A6D946FF15DA53CF002B42E0 /* MusicalScalesJazz.m in Sources */ = {isa = PBXBuildFile; fileRef = CEDFB9DA14D96B4D00D3CC9D /* MusicalScalesJazz.m */; };
		A6D9470015DA53CF002B42E0 /* MusicalScalesModal.m in Sources */ = {isa = PBXBuildFile; fileRef = CEDFB9DC14D96B4D00D3CC9D /* MusicalScalesModal.m */; };
		A6D9470115DA53CF002B42E0 /* MusicalScalesNormal.m in Sources */ = {isa = PBXBuildFile; fileRef = CEDFB9DE14D96B4D00D3CC9D /* MusicalScalesNormal.m */; };
		A6D9470215DA53CF002B42E0 /* MusicalScalesRaagNorthIndia.m in Sources */ = {isa = PBXBuildFile; fileRef = CEDFB9E014D96B4D00D3CC9D /* MusicalScalesRaagNorthIndia.m */; };
		A6D9470315DA53CF002B42E0 /* MusicalScalesRaagSouthIndia.m in Sources */ = {isa = PBXBuildFile; fileRef = CEDFB9E214D96B4D00D3CC9D /* MusicalScalesRaagSouthIndia.m */; };
		A6D9470415DA53CF002B42E0 /* MusicalScalesWorld.m in Sources */ = {isa = PBXBuildFile; fileRef = CEDFB9E414D96B4D00D3CC9D /* MusicalScalesWorld.m */; };
		A6D9470515DA540D002B42E0 /* UIKit.framework in Frameworks */ = {isa = PBXBuildFile; fileRef = CEDFB98414D968FE00D3CC9D /* UIKit.framework */; };
		A6D9470615DA5414002B42E0 /* CoreGraphics.framework in Frameworks */ = {isa = PBXBuildFile; fileRef = CEDFB98814D968FE00D3CC9D /* CoreGraphics.framework */; };
		CEDFB98514D968FE00D3CC9D /* UIKit.framework in Frameworks */ = {isa = PBXBuildFile; fileRef = CEDFB98414D968FE00D3CC9D /* UIKit.framework */; };
		CEDFB98714D968FE00D3CC9D /* Foundation.framework in Frameworks */ = {isa = PBXBuildFile; fileRef = CEDFB98614D968FE00D3CC9D /* Foundation.framework */; };
		CEDFB99D14D968FF00D3CC9D /* SenTestingKit.framework in Frameworks */ = {isa = PBXBuildFile; fileRef = CEDFB99C14D968FF00D3CC9D /* SenTestingKit.framework */; };
		CEDFB99E14D968FF00D3CC9D /* UIKit.framework in Frameworks */ = {isa = PBXBuildFile; fileRef = CEDFB98414D968FE00D3CC9D /* UIKit.framework */; };
		CEDFB99F14D968FF00D3CC9D /* Foundation.framework in Frameworks */ = {isa = PBXBuildFile; fileRef = CEDFB98614D968FE00D3CC9D /* Foundation.framework */; };
		CEDFB9BB14D96B1000D3CC9D /* InfoPlist.strings in Resources */ = {isa = PBXBuildFile; fileRef = CEDFB9B414D96B1000D3CC9D /* InfoPlist.strings */; };
		CEDFB9BC14D96B1000D3CC9D /* main.m in Sources */ = {isa = PBXBuildFile; fileRef = CEDFB9B614D96B1000D3CC9D /* main.m */; };
		CEDFB9BD14D96B1000D3CC9D /* MLAppDelegate.m in Sources */ = {isa = PBXBuildFile; fileRef = CEDFB9B814D96B1000D3CC9D /* MLAppDelegate.m */; };
		CEDFB9C514D96B1800D3CC9D /* InfoPlist.strings in Resources */ = {isa = PBXBuildFile; fileRef = CEDFB9C014D96B1800D3CC9D /* InfoPlist.strings */; };
		CEDFB9C714D96B1800D3CC9D /* MusicalLibTests.m in Sources */ = {isa = PBXBuildFile; fileRef = CEDFB9C414D96B1800D3CC9D /* MusicalLibTests.m */; };
		CEDFB9E514D96B4D00D3CC9D /* MusicalNote.m in Sources */ = {isa = PBXBuildFile; fileRef = CEDFB9CB14D96B4D00D3CC9D /* MusicalNote.m */; };
		CEDFB9E614D96B4D00D3CC9D /* MusicalNote.m in Sources */ = {isa = PBXBuildFile; fileRef = CEDFB9CB14D96B4D00D3CC9D /* MusicalNote.m */; };
		CEDFB9E714D96B4D00D3CC9D /* MusicalNoteSet.m in Sources */ = {isa = PBXBuildFile; fileRef = CEDFB9CD14D96B4D00D3CC9D /* MusicalNoteSet.m */; };
		CEDFB9E814D96B4D00D3CC9D /* MusicalNoteSet.m in Sources */ = {isa = PBXBuildFile; fileRef = CEDFB9CD14D96B4D00D3CC9D /* MusicalNoteSet.m */; };
		CEDFB9EB14D96B4D00D3CC9D /* MusicalScaleAbstract.m in Sources */ = {isa = PBXBuildFile; fileRef = CEDFB9D214D96B4D00D3CC9D /* MusicalScaleAbstract.m */; };
		CEDFB9EC14D96B4D00D3CC9D /* MusicalScaleAbstract.m in Sources */ = {isa = PBXBuildFile; fileRef = CEDFB9D214D96B4D00D3CC9D /* MusicalScaleAbstract.m */; };
		CEDFB9F114D96B4D00D3CC9D /* MusicalScalesJazz.m in Sources */ = {isa = PBXBuildFile; fileRef = CEDFB9DA14D96B4D00D3CC9D /* MusicalScalesJazz.m */; };
		CEDFB9F214D96B4D00D3CC9D /* MusicalScalesJazz.m in Sources */ = {isa = PBXBuildFile; fileRef = CEDFB9DA14D96B4D00D3CC9D /* MusicalScalesJazz.m */; };
		CEDFB9F314D96B4D00D3CC9D /* MusicalScalesModal.m in Sources */ = {isa = PBXBuildFile; fileRef = CEDFB9DC14D96B4D00D3CC9D /* MusicalScalesModal.m */; };
		CEDFB9F414D96B4D00D3CC9D /* MusicalScalesModal.m in Sources */ = {isa = PBXBuildFile; fileRef = CEDFB9DC14D96B4D00D3CC9D /* MusicalScalesModal.m */; };
		CEDFB9F514D96B4D00D3CC9D /* MusicalScalesNormal.m in Sources */ = {isa = PBXBuildFile; fileRef = CEDFB9DE14D96B4D00D3CC9D /* MusicalScalesNormal.m */; };
		CEDFB9F614D96B4D00D3CC9D /* MusicalScalesNormal.m in Sources */ = {isa = PBXBuildFile; fileRef = CEDFB9DE14D96B4D00D3CC9D /* MusicalScalesNormal.m */; };
		CEDFB9F714D96B4D00D3CC9D /* MusicalScalesRaagNorthIndia.m in Sources */ = {isa = PBXBuildFile; fileRef = CEDFB9E014D96B4D00D3CC9D /* MusicalScalesRaagNorthIndia.m */; };
		CEDFB9F814D96B4D00D3CC9D /* MusicalScalesRaagNorthIndia.m in Sources */ = {isa = PBXBuildFile; fileRef = CEDFB9E014D96B4D00D3CC9D /* MusicalScalesRaagNorthIndia.m */; };
		CEDFB9F914D96B4D00D3CC9D /* MusicalScalesRaagSouthIndia.m in Sources */ = {isa = PBXBuildFile; fileRef = CEDFB9E214D96B4D00D3CC9D /* MusicalScalesRaagSouthIndia.m */; };
		CEDFB9FA14D96B4D00D3CC9D /* MusicalScalesRaagSouthIndia.m in Sources */ = {isa = PBXBuildFile; fileRef = CEDFB9E214D96B4D00D3CC9D /* MusicalScalesRaagSouthIndia.m */; };
		CEDFB9FB14D96B4D00D3CC9D /* MusicalScalesWorld.m in Sources */ = {isa = PBXBuildFile; fileRef = CEDFB9E414D96B4D00D3CC9D /* MusicalScalesWorld.m */; };
		CEDFB9FC14D96B4D00D3CC9D /* MusicalScalesWorld.m in Sources */ = {isa = PBXBuildFile; fileRef = CEDFB9E414D96B4D00D3CC9D /* MusicalScalesWorld.m */; };
		CEDFBA0214D9764500D3CC9D /* MLObjC.m in Sources */ = {isa = PBXBuildFile; fileRef = CEDFBA0114D9764500D3CC9D /* MLObjC.m */; };
		CEDFBA0314D9764500D3CC9D /* MLObjC.m in Sources */ = {isa = PBXBuildFile; fileRef = CEDFBA0114D9764500D3CC9D /* MLObjC.m */; };
/* End PBXBuildFile section */

/* Begin PBXContainerItemProxy section */
		CEDFB9A014D968FF00D3CC9D /* PBXContainerItemProxy */ = {
			isa = PBXContainerItemProxy;
			containerPortal = CEDFB97714D968FE00D3CC9D /* Project object */;
			proxyType = 1;
			remoteGlobalIDString = CEDFB97F14D968FE00D3CC9D;
			remoteInfo = MusicalLib;
		};
/* End PBXContainerItemProxy section */

/* Begin PBXCopyFilesBuildPhase section */
		A6D946EB15DA53B6002B42E0 /* CopyFiles */ = {
			isa = PBXCopyFilesBuildPhase;
			buildActionMask = 2147483647;
			dstPath = "include/${PRODUCT_NAME}";
			dstSubfolderSpec = 16;
			files = (
				A6D946F315DA53B7002B42E0 /* MusicalLibStaticLib.h in CopyFiles */,
			);
			runOnlyForDeploymentPostprocessing = 0;
		};
/* End PBXCopyFilesBuildPhase section */

/* Begin PBXFileReference section */
		A6D946ED15DA53B6002B42E0 /* libMusicalLibStaticLib.a */ = {isa = PBXFileReference; explicitFileType = archive.ar; includeInIndex = 0; path = libMusicalLibStaticLib.a; sourceTree = BUILT_PRODUCTS_DIR; };
		A6D946F115DA53B6002B42E0 /* MusicalLibStaticLib-Prefix.pch */ = {isa = PBXFileReference; lastKnownFileType = sourcecode.c.h; path = "MusicalLibStaticLib-Prefix.pch"; sourceTree = "<group>"; };
		A6D946F215DA53B6002B42E0 /* MusicalLibStaticLib.h */ = {isa = PBXFileReference; lastKnownFileType = sourcecode.c.h; path = MusicalLibStaticLib.h; sourceTree = "<group>"; };
		A6D946F415DA53B7002B42E0 /* MusicalLibStaticLib.m */ = {isa = PBXFileReference; lastKnownFileType = sourcecode.c.objc; path = MusicalLibStaticLib.m; sourceTree = "<group>"; };
		CEDFB98014D968FE00D3CC9D /* MusicalLib.app */ = {isa = PBXFileReference; explicitFileType = wrapper.application; includeInIndex = 0; path = MusicalLib.app; sourceTree = BUILT_PRODUCTS_DIR; };
		CEDFB98414D968FE00D3CC9D /* UIKit.framework */ = {isa = PBXFileReference; lastKnownFileType = wrapper.framework; name = UIKit.framework; path = System/Library/Frameworks/UIKit.framework; sourceTree = SDKROOT; };
		CEDFB98614D968FE00D3CC9D /* Foundation.framework */ = {isa = PBXFileReference; lastKnownFileType = wrapper.framework; name = Foundation.framework; path = System/Library/Frameworks/Foundation.framework; sourceTree = SDKROOT; };
		CEDFB98814D968FE00D3CC9D /* CoreGraphics.framework */ = {isa = PBXFileReference; lastKnownFileType = wrapper.framework; name = CoreGraphics.framework; path = System/Library/Frameworks/CoreGraphics.framework; sourceTree = SDKROOT; };
		CEDFB99B14D968FF00D3CC9D /* MusicalLibTests.octest */ = {isa = PBXFileReference; explicitFileType = wrapper.cfbundle; includeInIndex = 0; path = MusicalLibTests.octest; sourceTree = BUILT_PRODUCTS_DIR; };
		CEDFB99C14D968FF00D3CC9D /* SenTestingKit.framework */ = {isa = PBXFileReference; lastKnownFileType = wrapper.framework; name = SenTestingKit.framework; path = Library/Frameworks/SenTestingKit.framework; sourceTree = DEVELOPER_DIR; };
		CEDFB9B514D96B1000D3CC9D /* en */ = {isa = PBXFileReference; lastKnownFileType = text.plist.strings; name = en; path = en.lproj/InfoPlist.strings; sourceTree = "<group>"; };
		CEDFB9B614D96B1000D3CC9D /* main.m */ = {isa = PBXFileReference; fileEncoding = 4; lastKnownFileType = sourcecode.c.objc; path = main.m; sourceTree = "<group>"; };
		CEDFB9B714D96B1000D3CC9D /* MLAppDelegate.h */ = {isa = PBXFileReference; fileEncoding = 4; lastKnownFileType = sourcecode.c.h; path = MLAppDelegate.h; sourceTree = "<group>"; };
		CEDFB9B814D96B1000D3CC9D /* MLAppDelegate.m */ = {isa = PBXFileReference; fileEncoding = 4; lastKnownFileType = sourcecode.c.objc; path = MLAppDelegate.m; sourceTree = "<group>"; };
		CEDFB9B914D96B1000D3CC9D /* MusicalLib-Info.plist */ = {isa = PBXFileReference; fileEncoding = 4; lastKnownFileType = text.plist.xml; path = "MusicalLib-Info.plist"; sourceTree = "<group>"; };
		CEDFB9BA14D96B1000D3CC9D /* MusicalLib-Prefix.pch */ = {isa = PBXFileReference; fileEncoding = 4; lastKnownFileType = sourcecode.c.h; path = "MusicalLib-Prefix.pch"; sourceTree = "<group>"; };
		CEDFB9C114D96B1800D3CC9D /* en */ = {isa = PBXFileReference; lastKnownFileType = text.plist.strings; name = en; path = en.lproj/InfoPlist.strings; sourceTree = "<group>"; };
		CEDFB9C214D96B1800D3CC9D /* MusicalLibTests-Info.plist */ = {isa = PBXFileReference; fileEncoding = 4; lastKnownFileType = text.plist.xml; path = "MusicalLibTests-Info.plist"; sourceTree = "<group>"; };
		CEDFB9C314D96B1800D3CC9D /* MusicalLibTests.h */ = {isa = PBXFileReference; fileEncoding = 4; lastKnownFileType = sourcecode.c.h; path = MusicalLibTests.h; sourceTree = "<group>"; };
		CEDFB9C414D96B1800D3CC9D /* MusicalLibTests.m */ = {isa = PBXFileReference; fileEncoding = 4; lastKnownFileType = sourcecode.c.objc; path = MusicalLibTests.m; sourceTree = "<group>"; };
		CEDFB9C914D96B4D00D3CC9D /* MusicalLib.h */ = {isa = PBXFileReference; fileEncoding = 4; lastKnownFileType = sourcecode.c.h; path = MusicalLib.h; sourceTree = "<group>"; };
		CEDFB9CA14D96B4D00D3CC9D /* MusicalNote.h */ = {isa = PBXFileReference; fileEncoding = 4; lastKnownFileType = sourcecode.c.h; path = MusicalNote.h; sourceTree = "<group>"; };
		CEDFB9CB14D96B4D00D3CC9D /* MusicalNote.m */ = {isa = PBXFileReference; fileEncoding = 4; lastKnownFileType = sourcecode.c.objc; path = MusicalNote.m; sourceTree = "<group>"; };
		CEDFB9CC14D96B4D00D3CC9D /* MusicalNoteSet.h */ = {isa = PBXFileReference; fileEncoding = 4; lastKnownFileType = sourcecode.c.h; path = MusicalNoteSet.h; sourceTree = "<group>"; };
		CEDFB9CD14D96B4D00D3CC9D /* MusicalNoteSet.m */ = {isa = PBXFileReference; fileEncoding = 4; lastKnownFileType = sourcecode.c.objc; path = MusicalNoteSet.m; sourceTree = "<group>"; };
		CEDFB9D014D96B4D00D3CC9D /* MusicalScaleAbstract+.h */ = {isa = PBXFileReference; fileEncoding = 4; lastKnownFileType = sourcecode.c.h; path = "MusicalScaleAbstract+.h"; sourceTree = "<group>"; };
		CEDFB9D114D96B4D00D3CC9D /* MusicalScaleAbstract.h */ = {isa = PBXFileReference; fileEncoding = 4; lastKnownFileType = sourcecode.c.h; path = MusicalScaleAbstract.h; sourceTree = "<group>"; };
		CEDFB9D214D96B4D00D3CC9D /* MusicalScaleAbstract.m */ = {isa = PBXFileReference; fileEncoding = 4; lastKnownFileType = sourcecode.c.objc; path = MusicalScaleAbstract.m; sourceTree = "<group>"; };
		CEDFB9D714D96B4D00D3CC9D /* MusicalScales.h */ = {isa = PBXFileReference; fileEncoding = 4; lastKnownFileType = sourcecode.c.h; path = MusicalScales.h; sourceTree = "<group>"; };
		CEDFB9D914D96B4D00D3CC9D /* MusicalScalesJazz.h */ = {isa = PBXFileReference; fileEncoding = 4; lastKnownFileType = sourcecode.c.h; path = MusicalScalesJazz.h; sourceTree = "<group>"; };
		CEDFB9DA14D96B4D00D3CC9D /* MusicalScalesJazz.m */ = {isa = PBXFileReference; fileEncoding = 4; lastKnownFileType = sourcecode.c.objc; path = MusicalScalesJazz.m; sourceTree = "<group>"; };
		CEDFB9DB14D96B4D00D3CC9D /* MusicalScalesModal.h */ = {isa = PBXFileReference; fileEncoding = 4; lastKnownFileType = sourcecode.c.h; path = MusicalScalesModal.h; sourceTree = "<group>"; };
		CEDFB9DC14D96B4D00D3CC9D /* MusicalScalesModal.m */ = {isa = PBXFileReference; fileEncoding = 4; lastKnownFileType = sourcecode.c.objc; path = MusicalScalesModal.m; sourceTree = "<group>"; };
		CEDFB9DD14D96B4D00D3CC9D /* MusicalScalesNormal.h */ = {isa = PBXFileReference; fileEncoding = 4; lastKnownFileType = sourcecode.c.h; path = MusicalScalesNormal.h; sourceTree = "<group>"; };
		CEDFB9DE14D96B4D00D3CC9D /* MusicalScalesNormal.m */ = {isa = PBXFileReference; fileEncoding = 4; lastKnownFileType = sourcecode.c.objc; path = MusicalScalesNormal.m; sourceTree = "<group>"; };
		CEDFB9DF14D96B4D00D3CC9D /* MusicalScalesRaagNorthIndia.h */ = {isa = PBXFileReference; fileEncoding = 4; lastKnownFileType = sourcecode.c.h; path = MusicalScalesRaagNorthIndia.h; sourceTree = "<group>"; };
		CEDFB9E014D96B4D00D3CC9D /* MusicalScalesRaagNorthIndia.m */ = {isa = PBXFileReference; fileEncoding = 4; lastKnownFileType = sourcecode.c.objc; path = MusicalScalesRaagNorthIndia.m; sourceTree = "<group>"; };
		CEDFB9E114D96B4D00D3CC9D /* MusicalScalesRaagSouthIndia.h */ = {isa = PBXFileReference; fileEncoding = 4; lastKnownFileType = sourcecode.c.h; path = MusicalScalesRaagSouthIndia.h; sourceTree = "<group>"; };
		CEDFB9E214D96B4D00D3CC9D /* MusicalScalesRaagSouthIndia.m */ = {isa = PBXFileReference; fileEncoding = 4; lastKnownFileType = sourcecode.c.objc; path = MusicalScalesRaagSouthIndia.m; sourceTree = "<group>"; };
		CEDFB9E314D96B4D00D3CC9D /* MusicalScalesWorld.h */ = {isa = PBXFileReference; fileEncoding = 4; lastKnownFileType = sourcecode.c.h; path = MusicalScalesWorld.h; sourceTree = "<group>"; };
		CEDFB9E414D96B4D00D3CC9D /* MusicalScalesWorld.m */ = {isa = PBXFileReference; fileEncoding = 4; lastKnownFileType = sourcecode.c.objc; path = MusicalScalesWorld.m; sourceTree = "<group>"; };
		CEDFBA0014D9764500D3CC9D /* MLObjC.h */ = {isa = PBXFileReference; fileEncoding = 4; lastKnownFileType = sourcecode.c.h; name = MLObjC.h; path = Source/MLObjC.h; sourceTree = SOURCE_ROOT; };
		CEDFBA0114D9764500D3CC9D /* MLObjC.m */ = {isa = PBXFileReference; fileEncoding = 4; lastKnownFileType = sourcecode.c.objc; name = MLObjC.m; path = Source/MLObjC.m; sourceTree = SOURCE_ROOT; };
		CEDFBA0414D976CC00D3CC9D /* MLConfig.h */ = {isa = PBXFileReference; fileEncoding = 4; lastKnownFileType = sourcecode.c.h; path = MLConfig.h; sourceTree = "<group>"; };
/* End PBXFileReference section */

/* Begin PBXFrameworksBuildPhase section */
		A6D946EA15DA53B6002B42E0 /* Frameworks */ = {
			isa = PBXFrameworksBuildPhase;
			buildActionMask = 2147483647;
			files = (
				A6D9470615DA5414002B42E0 /* CoreGraphics.framework in Frameworks */,
				A6D9470515DA540D002B42E0 /* UIKit.framework in Frameworks */,
				A6D946EE15DA53B6002B42E0 /* Foundation.framework in Frameworks */,
			);
			runOnlyForDeploymentPostprocessing = 0;
		};
		CEDFB97D14D968FE00D3CC9D /* Frameworks */ = {
			isa = PBXFrameworksBuildPhase;
			buildActionMask = 2147483647;
			files = (
				CEDFB98514D968FE00D3CC9D /* UIKit.framework in Frameworks */,
				CEDFB98714D968FE00D3CC9D /* Foundation.framework in Frameworks */,
			);
			runOnlyForDeploymentPostprocessing = 0;
		};
		CEDFB99714D968FF00D3CC9D /* Frameworks */ = {
			isa = PBXFrameworksBuildPhase;
			buildActionMask = 2147483647;
			files = (
				CEDFB99D14D968FF00D3CC9D /* SenTestingKit.framework in Frameworks */,
				CEDFB99E14D968FF00D3CC9D /* UIKit.framework in Frameworks */,
				CEDFB99F14D968FF00D3CC9D /* Foundation.framework in Frameworks */,
			);
			runOnlyForDeploymentPostprocessing = 0;
		};
/* End PBXFrameworksBuildPhase section */

/* Begin PBXGroup section */
		A6D946EF15DA53B6002B42E0 /* MusicalLibStaticLib */ = {
			isa = PBXGroup;
			children = (
				A6D946F215DA53B6002B42E0 /* MusicalLibStaticLib.h */,
				A6D946F415DA53B7002B42E0 /* MusicalLibStaticLib.m */,
				A6D946F015DA53B6002B42E0 /* Supporting Files */,
			);
			path = MusicalLibStaticLib;
			sourceTree = "<group>";
		};
		A6D946F015DA53B6002B42E0 /* Supporting Files */ = {
			isa = PBXGroup;
			children = (
				A6D946F115DA53B6002B42E0 /* MusicalLibStaticLib-Prefix.pch */,
			);
			name = "Supporting Files";
			sourceTree = "<group>";
		};
		CEDFB97514D968FE00D3CC9D = {
			isa = PBXGroup;
			children = (
				CEDFB9B314D96B1000D3CC9D /* Project */,
				CEDFB9C814D96B4D00D3CC9D /* Source */,
				CEDFB9BF14D96B1800D3CC9D /* Tests */,
				A6D946EF15DA53B6002B42E0 /* MusicalLibStaticLib */,
				CEDFB98314D968FE00D3CC9D /* Frameworks */,
				CEDFB98114D968FE00D3CC9D /* Products */,
			);
			sourceTree = "<group>";
		};
		CEDFB98114D968FE00D3CC9D /* Products */ = {
			isa = PBXGroup;
			children = (
				CEDFB98014D968FE00D3CC9D /* MusicalLib.app */,
				CEDFB99B14D968FF00D3CC9D /* MusicalLibTests.octest */,
				A6D946ED15DA53B6002B42E0 /* libMusicalLibStaticLib.a */,
			);
			name = Products;
			sourceTree = "<group>";
		};
		CEDFB98314D968FE00D3CC9D /* Frameworks */ = {
			isa = PBXGroup;
			children = (
				CEDFB98414D968FE00D3CC9D /* UIKit.framework */,
				CEDFB98614D968FE00D3CC9D /* Foundation.framework */,
				CEDFB98814D968FE00D3CC9D /* CoreGraphics.framework */,
				CEDFB99C14D968FF00D3CC9D /* SenTestingKit.framework */,
			);
			name = Frameworks;
			sourceTree = "<group>";
		};
		CEDFB9B314D96B1000D3CC9D /* Project */ = {
			isa = PBXGroup;
			children = (
				CEDFB9B414D96B1000D3CC9D /* InfoPlist.strings */,
				CEDFB9B614D96B1000D3CC9D /* main.m */,
				CEDFB9B714D96B1000D3CC9D /* MLAppDelegate.h */,
				CEDFB9B814D96B1000D3CC9D /* MLAppDelegate.m */,
				CEDFB9B914D96B1000D3CC9D /* MusicalLib-Info.plist */,
				CEDFB9BA14D96B1000D3CC9D /* MusicalLib-Prefix.pch */,
			);
			path = Project;
			sourceTree = "<group>";
		};
		CEDFB9BF14D96B1800D3CC9D /* Tests */ = {
			isa = PBXGroup;
			children = (
				CEDFB9C014D96B1800D3CC9D /* InfoPlist.strings */,
				CEDFB9C214D96B1800D3CC9D /* MusicalLibTests-Info.plist */,
				CEDFB9C314D96B1800D3CC9D /* MusicalLibTests.h */,
				CEDFB9C414D96B1800D3CC9D /* MusicalLibTests.m */,
			);
			path = Tests;
			sourceTree = "<group>";
		};
		CEDFB9C814D96B4D00D3CC9D /* Source */ = {
			isa = PBXGroup;
			children = (
				CEDFBA0414D976CC00D3CC9D /* MLConfig.h */,
				CEDFBA0014D9764500D3CC9D /* MLObjC.h */,
				CEDFBA0114D9764500D3CC9D /* MLObjC.m */,
				CEDFB9C914D96B4D00D3CC9D /* MusicalLib.h */,
				CEDFB9CA14D96B4D00D3CC9D /* MusicalNote.h */,
				CEDFB9CB14D96B4D00D3CC9D /* MusicalNote.m */,
				CEDFB9CC14D96B4D00D3CC9D /* MusicalNoteSet.h */,
				CEDFB9CD14D96B4D00D3CC9D /* MusicalNoteSet.m */,
				CEDFB9D014D96B4D00D3CC9D /* MusicalScaleAbstract+.h */,
				CEDFB9D114D96B4D00D3CC9D /* MusicalScaleAbstract.h */,
				CEDFB9D214D96B4D00D3CC9D /* MusicalScaleAbstract.m */,
				CEDFB9D714D96B4D00D3CC9D /* MusicalScales.h */,
				CEDFB9D914D96B4D00D3CC9D /* MusicalScalesJazz.h */,
				CEDFB9DA14D96B4D00D3CC9D /* MusicalScalesJazz.m */,
				CEDFB9DB14D96B4D00D3CC9D /* MusicalScalesModal.h */,
				CEDFB9DC14D96B4D00D3CC9D /* MusicalScalesModal.m */,
				CEDFB9DD14D96B4D00D3CC9D /* MusicalScalesNormal.h */,
				CEDFB9DE14D96B4D00D3CC9D /* MusicalScalesNormal.m */,
				CEDFB9DF14D96B4D00D3CC9D /* MusicalScalesRaagNorthIndia.h */,
				CEDFB9E014D96B4D00D3CC9D /* MusicalScalesRaagNorthIndia.m */,
				CEDFB9E114D96B4D00D3CC9D /* MusicalScalesRaagSouthIndia.h */,
				CEDFB9E214D96B4D00D3CC9D /* MusicalScalesRaagSouthIndia.m */,
				CEDFB9E314D96B4D00D3CC9D /* MusicalScalesWorld.h */,
				CEDFB9E414D96B4D00D3CC9D /* MusicalScalesWorld.m */,
			);
			path = Source;
			sourceTree = "<group>";
		};
/* End PBXGroup section */

/* Begin PBXNativeTarget section */
		A6D946EC15DA53B6002B42E0 /* MusicalLibStaticLib */ = {
			isa = PBXNativeTarget;
			buildConfigurationList = A6D946F815DA53B7002B42E0 /* Build configuration list for PBXNativeTarget "MusicalLibStaticLib" */;
			buildPhases = (
				A6D946E915DA53B6002B42E0 /* Sources */,
				A6D946EA15DA53B6002B42E0 /* Frameworks */,
				A6D946EB15DA53B6002B42E0 /* CopyFiles */,
			);
			buildRules = (
			);
			dependencies = (
			);
			name = MusicalLibStaticLib;
			productName = MusicalLibStaticLib;
			productReference = A6D946ED15DA53B6002B42E0 /* libMusicalLibStaticLib.a */;
			productType = "com.apple.product-type.library.static";
		};
		CEDFB97F14D968FE00D3CC9D /* MusicalLib */ = {
			isa = PBXNativeTarget;
			buildConfigurationList = CEDFB9AD14D968FF00D3CC9D /* Build configuration list for PBXNativeTarget "MusicalLib" */;
			buildPhases = (
				CEDFB97C14D968FE00D3CC9D /* Sources */,
				CEDFB97D14D968FE00D3CC9D /* Frameworks */,
				CEDFB97E14D968FE00D3CC9D /* Resources */,
			);
			buildRules = (
			);
			dependencies = (
			);
			name = MusicalLib;
			productName = MusicalLib;
			productReference = CEDFB98014D968FE00D3CC9D /* MusicalLib.app */;
			productType = "com.apple.product-type.application";
		};
		CEDFB99A14D968FF00D3CC9D /* MusicalLibTests */ = {
			isa = PBXNativeTarget;
			buildConfigurationList = CEDFB9B014D968FF00D3CC9D /* Build configuration list for PBXNativeTarget "MusicalLibTests" */;
			buildPhases = (
				CEDFB99614D968FF00D3CC9D /* Sources */,
				CEDFB99714D968FF00D3CC9D /* Frameworks */,
				CEDFB99814D968FF00D3CC9D /* Resources */,
				CEDFB99914D968FF00D3CC9D /* ShellScript */,
			);
			buildRules = (
			);
			dependencies = (
				CEDFB9A114D968FF00D3CC9D /* PBXTargetDependency */,
			);
			name = MusicalLibTests;
			productName = MusicalLibTests;
			productReference = CEDFB99B14D968FF00D3CC9D /* MusicalLibTests.octest */;
			productType = "com.apple.product-type.bundle";
		};
/* End PBXNativeTarget section */

/* Begin PBXProject section */
		CEDFB97714D968FE00D3CC9D /* Project object */ = {
			isa = PBXProject;
			attributes = {
				LastUpgradeCheck = 0420;
			};
			buildConfigurationList = CEDFB97A14D968FE00D3CC9D /* Build configuration list for PBXProject "MusicalLib" */;
			compatibilityVersion = "Xcode 3.2";
			developmentRegion = English;
			hasScannedForEncodings = 0;
			knownRegions = (
				en,
			);
			mainGroup = CEDFB97514D968FE00D3CC9D;
			productRefGroup = CEDFB98114D968FE00D3CC9D /* Products */;
			projectDirPath = "";
			projectRoot = "";
			targets = (
				CEDFB97F14D968FE00D3CC9D /* MusicalLib */,
				CEDFB99A14D968FF00D3CC9D /* MusicalLibTests */,
				A6D946EC15DA53B6002B42E0 /* MusicalLibStaticLib */,
			);
		};
/* End PBXProject section */

/* Begin PBXResourcesBuildPhase section */
		CEDFB97E14D968FE00D3CC9D /* Resources */ = {
			isa = PBXResourcesBuildPhase;
			buildActionMask = 2147483647;
			files = (
				CEDFB9BB14D96B1000D3CC9D /* InfoPlist.strings in Resources */,
			);
			runOnlyForDeploymentPostprocessing = 0;
		};
		CEDFB99814D968FF00D3CC9D /* Resources */ = {
			isa = PBXResourcesBuildPhase;
			buildActionMask = 2147483647;
			files = (
				CEDFB9C514D96B1800D3CC9D /* InfoPlist.strings in Resources */,
			);
			runOnlyForDeploymentPostprocessing = 0;
		};
/* End PBXResourcesBuildPhase section */

/* Begin PBXShellScriptBuildPhase section */
		CEDFB99914D968FF00D3CC9D /* ShellScript */ = {
			isa = PBXShellScriptBuildPhase;
			buildActionMask = 2147483647;
			files = (
			);
			inputPaths = (
			);
			outputPaths = (
			);
			runOnlyForDeploymentPostprocessing = 0;
			shellPath = /bin/sh;
			shellScript = "# Run the unit tests in this test bundle.\n\"${SYSTEM_DEVELOPER_DIR}/Tools/RunUnitTests\"\n";
		};
/* End PBXShellScriptBuildPhase section */

/* Begin PBXSourcesBuildPhase section */
		A6D946E915DA53B6002B42E0 /* Sources */ = {
			isa = PBXSourcesBuildPhase;
			buildActionMask = 2147483647;
			files = (
				A6D946FA15DA53CF002B42E0 /* MLObjC.m in Sources */,
				A6D946FB15DA53CF002B42E0 /* MusicalNote.m in Sources */,
				A6D946FC15DA53CF002B42E0 /* MusicalNoteSet.m in Sources */,
				A6D946FD15DA53CF002B42E0 /* MusicalScaleAbstract.m in Sources */,
				A6D946FF15DA53CF002B42E0 /* MusicalScalesJazz.m in Sources */,
				A6D9470015DA53CF002B42E0 /* MusicalScalesModal.m in Sources */,
				A6D9470115DA53CF002B42E0 /* MusicalScalesNormal.m in Sources */,
				A6D9470215DA53CF002B42E0 /* MusicalScalesRaagNorthIndia.m in Sources */,
				A6D9470315DA53CF002B42E0 /* MusicalScalesRaagSouthIndia.m in Sources */,
				A6D9470415DA53CF002B42E0 /* MusicalScalesWorld.m in Sources */,
				A6D946F515DA53B7002B42E0 /* MusicalLibStaticLib.m in Sources */,
			);
			runOnlyForDeploymentPostprocessing = 0;
		};
		CEDFB97C14D968FE00D3CC9D /* Sources */ = {
			isa = PBXSourcesBuildPhase;
			buildActionMask = 2147483647;
			files = (
				CEDFB9BC14D96B1000D3CC9D /* main.m in Sources */,
				CEDFB9BD14D96B1000D3CC9D /* MLAppDelegate.m in Sources */,
				CEDFB9E514D96B4D00D3CC9D /* MusicalNote.m in Sources */,
				CEDFB9E714D96B4D00D3CC9D /* MusicalNoteSet.m in Sources */,
				CEDFB9EB14D96B4D00D3CC9D /* MusicalScaleAbstract.m in Sources */,
				CEDFB9F114D96B4D00D3CC9D /* MusicalScalesJazz.m in Sources */,
				CEDFB9F314D96B4D00D3CC9D /* MusicalScalesModal.m in Sources */,
				CEDFB9F514D96B4D00D3CC9D /* MusicalScalesNormal.m in Sources */,
				CEDFB9F714D96B4D00D3CC9D /* MusicalScalesRaagNorthIndia.m in Sources */,
				CEDFB9F914D96B4D00D3CC9D /* MusicalScalesRaagSouthIndia.m in Sources */,
				CEDFB9FB14D96B4D00D3CC9D /* MusicalScalesWorld.m in Sources */,
				CEDFBA0214D9764500D3CC9D /* MLObjC.m in Sources */,
			);
			runOnlyForDeploymentPostprocessing = 0;
		};
		CEDFB99614D968FF00D3CC9D /* Sources */ = {
			isa = PBXSourcesBuildPhase;
			buildActionMask = 2147483647;
			files = (
				CEDFB9C714D96B1800D3CC9D /* MusicalLibTests.m in Sources */,
				CEDFB9E614D96B4D00D3CC9D /* MusicalNote.m in Sources */,
				CEDFB9E814D96B4D00D3CC9D /* MusicalNoteSet.m in Sources */,
				CEDFB9EC14D96B4D00D3CC9D /* MusicalScaleAbstract.m in Sources */,
				CEDFB9F214D96B4D00D3CC9D /* MusicalScalesJazz.m in Sources */,
				CEDFB9F414D96B4D00D3CC9D /* MusicalScalesModal.m in Sources */,
				CEDFB9F614D96B4D00D3CC9D /* MusicalScalesNormal.m in Sources */,
				CEDFB9F814D96B4D00D3CC9D /* MusicalScalesRaagNorthIndia.m in Sources */,
				CEDFB9FA14D96B4D00D3CC9D /* MusicalScalesRaagSouthIndia.m in Sources */,
				CEDFB9FC14D96B4D00D3CC9D /* MusicalScalesWorld.m in Sources */,
				CEDFBA0314D9764500D3CC9D /* MLObjC.m in Sources */,
			);
			runOnlyForDeploymentPostprocessing = 0;
		};
/* End PBXSourcesBuildPhase section */

/* Begin PBXTargetDependency section */
		CEDFB9A114D968FF00D3CC9D /* PBXTargetDependency */ = {
			isa = PBXTargetDependency;
			target = CEDFB97F14D968FE00D3CC9D /* MusicalLib */;
			targetProxy = CEDFB9A014D968FF00D3CC9D /* PBXContainerItemProxy */;
		};
/* End PBXTargetDependency section */

/* Begin PBXVariantGroup section */
		CEDFB9B414D96B1000D3CC9D /* InfoPlist.strings */ = {
			isa = PBXVariantGroup;
			children = (
				CEDFB9B514D96B1000D3CC9D /* en */,
			);
			name = InfoPlist.strings;
			sourceTree = "<group>";
		};
		CEDFB9C014D96B1800D3CC9D /* InfoPlist.strings */ = {
			isa = PBXVariantGroup;
			children = (
				CEDFB9C114D96B1800D3CC9D /* en */,
			);
			name = InfoPlist.strings;
			sourceTree = "<group>";
		};
/* End PBXVariantGroup section */

/* Begin XCBuildConfiguration section */
		A6D946F615DA53B7002B42E0 /* Debug */ = {
			isa = XCBuildConfiguration;
			buildSettings = {
				CLANG_CXX_LANGUAGE_STANDARD = "gnu++0x";
				CLANG_WARN__DUPLICATE_METHOD_MATCH = YES;
				DSTROOT = /tmp/MusicalLibStaticLib.dst;
				GCC_PRECOMPILE_PREFIX_HEADER = YES;
				GCC_PREFIX_HEADER = "MusicalLibStaticLib/MusicalLibStaticLib-Prefix.pch";
				GCC_WARN_UNINITIALIZED_AUTOS = YES;
				IPHONEOS_DEPLOYMENT_TARGET = 5.1;
				OTHER_LDFLAGS = "-ObjC";
				PRODUCT_NAME = "$(TARGET_NAME)";
				SKIP_INSTALL = YES;
			};
			name = Debug;
		};
		A6D946F715DA53B7002B42E0 /* Release */ = {
			isa = XCBuildConfiguration;
			buildSettings = {
				CLANG_CXX_LANGUAGE_STANDARD = "gnu++0x";
				CLANG_WARN__DUPLICATE_METHOD_MATCH = YES;
				DSTROOT = /tmp/MusicalLibStaticLib.dst;
				GCC_PRECOMPILE_PREFIX_HEADER = YES;
				GCC_PREFIX_HEADER = "MusicalLibStaticLib/MusicalLibStaticLib-Prefix.pch";
				GCC_WARN_UNINITIALIZED_AUTOS = YES;
				IPHONEOS_DEPLOYMENT_TARGET = 5.1;
				OTHER_LDFLAGS = "-ObjC";
				PRODUCT_NAME = "$(TARGET_NAME)";
				SKIP_INSTALL = YES;
			};
			name = Release;
		};
		CEDFB9AB14D968FF00D3CC9D /* Debug */ = {
			isa = XCBuildConfiguration;
			buildSettings = {
				ALWAYS_SEARCH_USER_PATHS = NO;
				ARCHS = "$(ARCHS_STANDARD_32_BIT)";
				CLANG_ENABLE_OBJC_ARC = YES;
				"CODE_SIGN_IDENTITY[sdk=iphoneos*]" = "iPhone Developer";
				COPY_PHASE_STRIP = NO;
				GCC_C_LANGUAGE_STANDARD = gnu99;
				GCC_DYNAMIC_NO_PIC = NO;
				GCC_OPTIMIZATION_LEVEL = 0;
				GCC_PREPROCESSOR_DEFINITIONS = (
					"DEBUG=1",
					"$(inherited)",
				);
				GCC_SYMBOLS_PRIVATE_EXTERN = NO;
				GCC_VERSION = com.apple.compilers.llvm.clang.1_0;
				GCC_WARN_ABOUT_MISSING_PROTOTYPES = YES;
				GCC_WARN_ABOUT_RETURN_TYPE = YES;
				GCC_WARN_UNUSED_VARIABLE = YES;
				IPHONEOS_DEPLOYMENT_TARGET = 5.0;
				SDKROOT = iphoneos;
			};
			name = Debug;
		};
		CEDFB9AC14D968FF00D3CC9D /* Release */ = {
			isa = XCBuildConfiguration;
			buildSettings = {
				ALWAYS_SEARCH_USER_PATHS = NO;
				ARCHS = "$(ARCHS_STANDARD_32_BIT)";
				CLANG_ENABLE_OBJC_ARC = YES;
				"CODE_SIGN_IDENTITY[sdk=iphoneos*]" = "iPhone Developer";
				COPY_PHASE_STRIP = YES;
				GCC_C_LANGUAGE_STANDARD = gnu99;
				GCC_VERSION = com.apple.compilers.llvm.clang.1_0;
				GCC_WARN_ABOUT_MISSING_PROTOTYPES = YES;
				GCC_WARN_ABOUT_RETURN_TYPE = YES;
				GCC_WARN_UNUSED_VARIABLE = YES;
				IPHONEOS_DEPLOYMENT_TARGET = 5.0;
				OTHER_CFLAGS = "-DNS_BLOCK_ASSERTIONS=1";
				SDKROOT = iphoneos;
				VALIDATE_PRODUCT = YES;
			};
			name = Release;
		};
		CEDFB9AE14D968FF00D3CC9D /* Debug */ = {
			isa = XCBuildConfiguration;
			buildSettings = {
				GCC_PRECOMPILE_PREFIX_HEADER = YES;
				GCC_PREFIX_HEADER = "Project/MusicalLib-Prefix.pch";
				INFOPLIST_FILE = "Project/MusicalLib-Info.plist";
				PRODUCT_NAME = "$(TARGET_NAME)";
				WRAPPER_EXTENSION = app;
			};
			name = Debug;
		};
		CEDFB9AF14D968FF00D3CC9D /* Release */ = {
			isa = XCBuildConfiguration;
			buildSettings = {
				GCC_PRECOMPILE_PREFIX_HEADER = YES;
				GCC_PREFIX_HEADER = "Project/MusicalLib-Prefix.pch";
				INFOPLIST_FILE = "Project/MusicalLib-Info.plist";
				PRODUCT_NAME = "$(TARGET_NAME)";
				WRAPPER_EXTENSION = app;
			};
			name = Release;
		};
		CEDFB9B114D968FF00D3CC9D /* Debug */ = {
			isa = XCBuildConfiguration;
			buildSettings = {
				BUNDLE_LOADER = "$(BUILT_PRODUCTS_DIR)/MusicalLib.app/MusicalLib";
				FRAMEWORK_SEARCH_PATHS = (
					"$(SDKROOT)/Developer/Library/Frameworks",
					"$(DEVELOPER_LIBRARY_DIR)/Frameworks",
				);
				GCC_PRECOMPILE_PREFIX_HEADER = YES;
				GCC_PREFIX_HEADER = "Project/MusicalLib-Prefix.pch";
				INFOPLIST_FILE = "Tests/MusicalLibTests-Info.plist";
				PRODUCT_NAME = "$(TARGET_NAME)";
				TEST_HOST = "$(BUNDLE_LOADER)";
				WRAPPER_EXTENSION = octest;
			};
			name = Debug;
		};
		CEDFB9B214D968FF00D3CC9D /* Release */ = {
			isa = XCBuildConfiguration;
			buildSettings = {
				BUNDLE_LOADER = "$(BUILT_PRODUCTS_DIR)/MusicalLib.app/MusicalLib";
				FRAMEWORK_SEARCH_PATHS = (
					"$(SDKROOT)/Developer/Library/Frameworks",
					"$(DEVELOPER_LIBRARY_DIR)/Frameworks",
				);
				GCC_PRECOMPILE_PREFIX_HEADER = YES;
				GCC_PREFIX_HEADER = "Project/MusicalLib-Prefix.pch";
				INFOPLIST_FILE = "Tests/MusicalLibTests-Info.plist";
				PRODUCT_NAME = "$(TARGET_NAME)";
				TEST_HOST = "$(BUNDLE_LOADER)";
				WRAPPER_EXTENSION = octest;
			};
			name = Release;
		};
/* End XCBuildConfiguration section */

/* Begin XCConfigurationList section */
		A6D946F815DA53B7002B42E0 /* Build configuration list for PBXNativeTarget "MusicalLibStaticLib" */ = {
			isa = XCConfigurationList;
			buildConfigurations = (
				A6D946F615DA53B7002B42E0 /* Debug */,
				A6D946F715DA53B7002B42E0 /* Release */,
			);
			defaultConfigurationIsVisible = 0;
		};
		CEDFB97A14D968FE00D3CC9D /* Build configuration list for PBXProject "MusicalLib" */ = {
			isa = XCConfigurationList;
			buildConfigurations = (
				CEDFB9AB14D968FF00D3CC9D /* Debug */,
				CEDFB9AC14D968FF00D3CC9D /* Release */,
			);
			defaultConfigurationIsVisible = 0;
			defaultConfigurationName = Release;
		};
		CEDFB9AD14D968FF00D3CC9D /* Build configuration list for PBXNativeTarget "MusicalLib" */ = {
			isa = XCConfigurationList;
			buildConfigurations = (
				CEDFB9AE14D968FF00D3CC9D /* Debug */,
				CEDFB9AF14D968FF00D3CC9D /* Release */,
			);
			defaultConfigurationIsVisible = 0;
			defaultConfigurationName = Release;
		};
		CEDFB9B014D968FF00D3CC9D /* Build configuration list for PBXNativeTarget "MusicalLibTests" */ = {
			isa = XCConfigurationList;
			buildConfigurations = (
				CEDFB9B114D968FF00D3CC9D /* Debug */,
				CEDFB9B214D968FF00D3CC9D /* Release */,
			);
			defaultConfigurationIsVisible = 0;
			defaultConfigurationName = Release;
		};
/* End XCConfigurationList section */
	};
	rootObject = CEDFB97714D968FE00D3CC9D /* Project object */;
}
